
Microsoft Visual Studio Solution File, Format Version 11.00
# Visual Studio 2010
Project("{FAE04EC0-301F-11D3-BF4B-00C04F79EFBC}") = "NImodel", "NImodel\NImodel.csproj", "{A63AD3CE-CD56-4C62-B5D4-C2D97D4F1D3F}"
EndProject
Global
	GlobalSection(SolutionConfigurationPlatforms) = preSolution
		Debug|x86 = Debug|x86
		Release|x86 = Release|x86
	EndGlobalSection
	GlobalSection(ProjectConfigurationPlatforms) = postSolution
		{A63AD3CE-CD56-4C62-B5D4-C2D97D4F1D3F}.Debug|x86.ActiveCfg = Debug|x86
		{A63AD3CE-CD56-4C62-B5D4-C2D97D4F1D3F}.Debug|x86.Build.0 = Debug|x86
		{A63AD3CE-CD56-4C62-B5D4-C2D97D4F1D3F}.Release|x86.ActiveCfg = Release|x86
		{A63AD3CE-CD56-4C62-B5D4-C2D97D4F1D3F}.Release|x86.Build.0 = Release|x86
	EndGlobalSection
	GlobalSection(SolutionProperties) = preSolution
		HideSolutionNode = FALSE
	EndGlobalSection
EndGlobal
